
Microsoft Visual Studio Solution File, Format Version 12.00
# Visual Studio Version 18
VisualStudioVersion = 18.0.11018.127
MinimumVisualStudioVersion = 10.0.40219.1
Project("{FAE04EC0-301F-11D3-BF4B-00C04F79EFBC}") = "Snet.Yolo.Server", "Snet.Yolo.Server\Snet.Yolo.Server.csproj", "{C16C91B4-5131-599F-8E00-D3F009FD162D}"
EndProject
Project("{FAE04EC0-301F-11D3-BF4B-00C04F79EFBC}") = "Snet.Yolo.Test", "Snet.Yolo.Test\Snet.Yolo.Test.csproj", "{DD8262AA-7D3C-4D40-B9B4-8FF6E0BEA8B5}"
EndProject
Project("{FAE04EC0-301F-11D3-BF4B-00C04F79EFBC}") = "Snet.Yolo.Tool", "Snet.Yolo.Tool\Snet.Yolo.Tool.csproj", "{21653986-D09B-4661-8AB5-F261EED589FD}"
EndProject
Project("{888888A0-9F3D-457C-B088-3A5042F75D52}") = "Snet.Py", "Snet.Py\Snet.Py.pyproj", "{EF56A757-F271-413D-B1B3-C9DE861FF839}"
EndProject
Project("{FAE04EC0-301F-11D3-BF4B-00C04F79EFBC}") = "Snet.Yolo.Api.Cpu", "Snet.Yolo.Api.Cpu\Snet.Yolo.Api.Cpu.csproj", "{4A8FA32D-00B5-471F-A48B-C7757BF1A931}"
EndProject
Project("{FAE04EC0-301F-11D3-BF4B-00C04F79EFBC}") = "Snet.Yolo.Api.Cuda", "Snet.Yolo.Api.Cuda\Snet.Yolo.Api.Cuda.csproj", "{7A64BB8A-EC95-4E0A-8665-7B4D18B097E4}"
EndProject
Project("{FAE04EC0-301F-11D3-BF4B-00C04F79EFBC}") = "Snet.Yolo.Api.OpenVino", "Snet.Yolo.Api.OpenVino\Snet.Yolo.Api.OpenVino.csproj", "{FB3EB71B-04A0-4903-B558-9C92BF8AEFDF}"
EndProject
Project("{FAE04EC0-301F-11D3-BF4B-00C04F79EFBC}") = "Snet.Yolo.Api.CoreML", "Snet.Yolo.Api.CoreML\Snet.Yolo.Api.CoreML.csproj", "{ED306F07-8C90-46B7-88CC-0055D66D4D75}"
EndProject
Project("{FAE04EC0-301F-11D3-BF4B-00C04F79EFBC}") = "Snet.Yolo.Api.DirectML", "Snet.Yolo.Api.DirectML\Snet.Yolo.Api.DirectML.csproj", "{BC85B6C3-35F1-443D-A0E9-029F7D08990E}"
EndProject
Project("{2150E333-8FDC-42A3-9474-1A3956D46DE8}") = "api", "api", "{23A9B470-FC92-434A-9E71-B953A4CB0E7E}"
EndProject
Project("{D954291E-2A0B-460D-934E-DC6B0785DB48}") = "Snet.Yolo.Api.Shared", "Snet.Yolo.Api.Shared\Snet.Yolo.Api.Shared.shproj", "{A7520657-AD24-4D2B-9527-A2824E82EC2F}"
EndProject
Project("{FAE04EC0-301F-11D3-BF4B-00C04F79EFBC}") = "Snet.Yolo.Tasks.Core", "Snet.Yolo.Tasks.Core\Snet.Yolo.Tasks.Core.csproj", "{73E0D23C-E404-E3CB-5E23-57318DB9664C}"
EndProject
Project("{2150E333-8FDC-42A3-9474-1A3956D46DE8}") = "tasks", "tasks", "{B554F44C-BC1A-140C-1D5D-67ADEC712783}"
EndProject
Project("{FAE04EC0-301F-11D3-BF4B-00C04F79EFBC}") = "Snet.Yolo.Tasks.Cpu", "Snet.Yolo.Tasks.Cpu\Snet.Yolo.Tasks.Cpu.csproj", "{ECBF4965-A5C8-41F3-A3B9-6357C7A1D2DC}"
EndProject
Project("{FAE04EC0-301F-11D3-BF4B-00C04F79EFBC}") = "Snet.Yolo.Tasks.Cuda", "Snet.Yolo.Tasks.Cuda\Snet.Yolo.Tasks.Cuda.csproj", "{9B76D945-09DB-46C1-A202-5D5FDBA13C52}"
EndProject
Project("{FAE04EC0-301F-11D3-BF4B-00C04F79EFBC}") = "Snet.Yolo.Tasks.DirectML", "Snet.Yolo.Tasks.DirectML\Snet.Yolo.Tasks.DirectML.csproj", "{2C59288C-2B60-49DF-A6D5-54F2AC3599D4}"
EndProject
Project("{FAE04EC0-301F-11D3-BF4B-00C04F79EFBC}") = "Snet.Yolo.Tasks.OpenVino", "Snet.Yolo.Tasks.OpenVino\Snet.Yolo.Tasks.OpenVino.csproj", "{EB7B5DBF-FB87-46F8-BDE0-EE0EEDC13F11}"
EndProject
Project("{FAE04EC0-301F-11D3-BF4B-00C04F79EFBC}") = "Snet.Yolo.Tasks.CoreML", "Snet.Yolo.Tasks.CoreML\Snet.Yolo.Tasks.CoreML.csproj", "{C0D1C0D4-45E8-44F4-8C74-112BCF445CEB}"
EndProject
Project("{D954291E-2A0B-460D-934E-DC6B0785DB48}") = "Snet.Yolo.Tasks.Shared", "Snet.Yolo.Tasks.Shared\Snet.Yolo.Tasks.Shared.shproj", "{E6F52D85-22D6-4BC8-A5F6-B83FD45E6DD2}"
EndProject
Project("{2150E333-8FDC-42A3-9474-1A3956D46DE8}") = "core", "core", "{7D1CA36C-9CF9-4BC7-9847-2A524E54E2D6}"
EndProject
Project("{2150E333-8FDC-42A3-9474-1A3956D46DE8}") = "test", "test", "{16906A4B-5B2C-4604-9581-8929F767839B}"
EndProject
Project("{2150E333-8FDC-42A3-9474-1A3956D46DE8}") = "tool", "tool", "{ACF9D9CE-F866-4B33-96A9-6275FBEFFCC4}"
EndProject
Global
	GlobalSection(SolutionConfigurationPlatforms) = preSolution
		Debug|Any CPU = Debug|Any CPU
		Debug|x64 = Debug|x64
		Debug|x86 = Debug|x86
		Release|Any CPU = Release|Any CPU
		Release|x64 = Release|x64
		Release|x86 = Release|x86
	EndGlobalSection
	GlobalSection(ProjectConfigurationPlatforms) = postSolution
		{C16C91B4-5131-599F-8E00-D3F009FD162D}.Debug|Any CPU.ActiveCfg = Debug|Any CPU
		{C16C91B4-5131-599F-8E00-D3F009FD162D}.Debug|Any CPU.Build.0 = Debug|Any CPU
		{C16C91B4-5131-599F-8E00-D3F009FD162D}.Debug|x64.ActiveCfg = Debug|Any CPU
		{C16C91B4-5131-599F-8E00-D3F009FD162D}.Debug|x64.Build.0 = Debug|Any CPU
		{C16C91B4-5131-599F-8E00-D3F009FD162D}.Debug|x86.ActiveCfg = Debug|Any CPU
		{C16C91B4-5131-599F-8E00-D3F009FD162D}.Debug|x86.Build.0 = Debug|Any CPU
		{C16C91B4-5131-599F-8E00-D3F009FD162D}.Release|Any CPU.ActiveCfg = Release|Any CPU
		{C16C91B4-5131-599F-8E00-D3F009FD162D}.Release|Any CPU.Build.0 = Release|Any CPU
		{C16C91B4-5131-599F-8E00-D3F009FD162D}.Release|x64.ActiveCfg = Release|Any CPU
		{C16C91B4-5131-599F-8E00-D3F009FD162D}.Release|x64.Build.0 = Release|Any CPU
		{C16C91B4-5131-599F-8E00-D3F009FD162D}.Release|x86.ActiveCfg = Release|Any CPU
		{C16C91B4-5131-599F-8E00-D3F009FD162D}.Release|x86.Build.0 = Release|Any CPU
		{DD8262AA-7D3C-4D40-B9B4-8FF6E0BEA8B5}.Debug|Any CPU.ActiveCfg = Debug|Any CPU
		{DD8262AA-7D3C-4D40-B9B4-8FF6E0BEA8B5}.Debug|Any CPU.Build.0 = Debug|Any CPU
		{DD8262AA-7D3C-4D40-B9B4-8FF6E0BEA8B5}.Debug|x64.ActiveCfg = Debug|Any CPU
		{DD8262AA-7D3C-4D40-B9B4-8FF6E0BEA8B5}.Debug|x64.Build.0 = Debug|Any CPU
		{DD8262AA-7D3C-4D40-B9B4-8FF6E0BEA8B5}.Debug|x86.ActiveCfg = Debug|Any CPU
		{DD8262AA-7D3C-4D40-B9B4-8FF6E0BEA8B5}.Debug|x86.Build.0 = Debug|Any CPU
		{DD8262AA-7D3C-4D40-B9B4-8FF6E0BEA8B5}.Release|Any CPU.ActiveCfg = Release|Any CPU
		{DD8262AA-7D3C-4D40-B9B4-8FF6E0BEA8B5}.Release|Any CPU.Build.0 = Release|Any CPU
		{DD8262AA-7D3C-4D40-B9B4-8FF6E0BEA8B5}.Release|x64.ActiveCfg = Release|Any CPU
		{DD8262AA-7D3C-4D40-B9B4-8FF6E0BEA8B5}.Release|x64.Build.0 = Release|Any CPU
		{DD8262AA-7D3C-4D40-B9B4-8FF6E0BEA8B5}.Release|x86.ActiveCfg = Release|Any CPU
		{DD8262AA-7D3C-4D40-B9B4-8FF6E0BEA8B5}.Release|x86.Build.0 = Release|Any CPU
		{21653986-D09B-4661-8AB5-F261EED589FD}.Debug|Any CPU.ActiveCfg = Debug|Any CPU
		{21653986-D09B-4661-8AB5-F261EED589FD}.Debug|Any CPU.Build.0 = Debug|Any CPU
		{21653986-D09B-4661-8AB5-F261EED589FD}.Debug|x64.ActiveCfg = Debug|Any CPU
		{21653986-D09B-4661-8AB5-F261EED589FD}.Debug|x64.Build.0 = Debug|Any CPU
		{21653986-D09B-4661-8AB5-F261EED589FD}.Debug|x86.ActiveCfg = Debug|Any CPU
		{21653986-D09B-4661-8AB5-F261EED589FD}.Debug|x86.Build.0 = Debug|Any CPU
		{21653986-D09B-4661-8AB5-F261EED589FD}.Release|Any CPU.ActiveCfg = Release|Any CPU
		{21653986-D09B-4661-8AB5-F261EED589FD}.Release|Any CPU.Build.0 = Release|Any CPU
		{21653986-D09B-4661-8AB5-F261EED589FD}.Release|x64.ActiveCfg = Release|Any CPU
		{21653986-D09B-4661-8AB5-F261EED589FD}.Release|x64.Build.0 = Release|Any CPU
		{21653986-D09B-4661-8AB5-F261EED589FD}.Release|x86.ActiveCfg = Release|Any CPU
		{21653986-D09B-4661-8AB5-F261EED589FD}.Release|x86.Build.0 = Release|Any CPU
		{EF56A757-F271-413D-B1B3-C9DE861FF839}.Debug|Any CPU.ActiveCfg = Debug|Any CPU
		{EF56A757-F271-413D-B1B3-C9DE861FF839}.Debug|x64.ActiveCfg = Debug|x64
		{EF56A757-F271-413D-B1B3-C9DE861FF839}.Debug|x86.ActiveCfg = Debug|x86
		{EF56A757-F271-413D-B1B3-C9DE861FF839}.Release|Any CPU.ActiveCfg = Release|Any CPU
		{EF56A757-F271-413D-B1B3-C9DE861FF839}.Release|x64.ActiveCfg = Release|x64
		{EF56A757-F271-413D-B1B3-C9DE861FF839}.Release|x86.ActiveCfg = Release|x86
		{4A8FA32D-00B5-471F-A48B-C7757BF1A931}.Debug|Any CPU.ActiveCfg = Debug|Any CPU
		{4A8FA32D-00B5-471F-A48B-C7757BF1A931}.Debug|Any CPU.Build.0 = Debug|Any CPU
		{4A8FA32D-00B5-471F-A48B-C7757BF1A931}.Debug|x64.ActiveCfg = Debug|Any CPU
		{4A8FA32D-00B5-471F-A48B-C7757BF1A931}.Debug|x64.Build.0 = Debug|Any CPU
		{4A8FA32D-00B5-471F-A48B-C7757BF1A931}.Debug|x86.ActiveCfg = Debug|Any CPU
		{4A8FA32D-00B5-471F-A48B-C7757BF1A931}.Debug|x86.Build.0 = Debug|Any CPU
		{4A8FA32D-00B5-471F-A48B-C7757BF1A931}.Release|Any CPU.ActiveCfg = Release|Any CPU
		{4A8FA32D-00B5-471F-A48B-C7757BF1A931}.Release|Any CPU.Build.0 = Release|Any CPU
		{4A8FA32D-00B5-471F-A48B-C7757BF1A931}.Release|x64.ActiveCfg = Release|Any CPU
		{4A8FA32D-00B5-471F-A48B-C7757BF1A931}.Release|x64.Build.0 = Release|Any CPU
		{4A8FA32D-00B5-471F-A48B-C7757BF1A931}.Release|x86.ActiveCfg = Release|Any CPU
		{4A8FA32D-00B5-471F-A48B-C7757BF1A931}.Release|x86.Build.0 = Release|Any CPU
		{7A64BB8A-EC95-4E0A-8665-7B4D18B097E4}.Debug|Any CPU.ActiveCfg = Debug|Any CPU
		{7A64BB8A-EC95-4E0A-8665-7B4D18B097E4}.Debug|Any CPU.Build.0 = Debug|Any CPU
		{7A64BB8A-EC95-4E0A-8665-7B4D18B097E4}.Debug|x64.ActiveCfg = Debug|Any CPU
		{7A64BB8A-EC95-4E0A-8665-7B4D18B097E4}.Debug|x64.Build.0 = Debug|Any CPU
		{7A64BB8A-EC95-4E0A-8665-7B4D18B097E4}.Debug|x86.ActiveCfg = Debug|Any CPU
		{7A64BB8A-EC95-4E0A-8665-7B4D18B097E4}.Debug|x86.Build.0 = Debug|Any CPU
		{7A64BB8A-EC95-4E0A-8665-7B4D18B097E4}.Release|Any CPU.ActiveCfg = Release|Any CPU
		{7A64BB8A-EC95-4E0A-8665-7B4D18B097E4}.Release|Any CPU.Build.0 = Release|Any CPU
		{7A64BB8A-EC95-4E0A-8665-7B4D18B097E4}.Release|x64.ActiveCfg = Release|Any CPU
		{7A64BB8A-EC95-4E0A-8665-7B4D18B097E4}.Release|x64.Build.0 = Release|Any CPU
		{7A64BB8A-EC95-4E0A-8665-7B4D18B097E4}.Release|x86.ActiveCfg = Release|Any CPU
		{7A64BB8A-EC95-4E0A-8665-7B4D18B097E4}.Release|x86.Build.0 = Release|Any CPU
		{FB3EB71B-04A0-4903-B558-9C92BF8AEFDF}.Debug|Any CPU.ActiveCfg = Debug|Any CPU
		{FB3EB71B-04A0-4903-B558-9C92BF8AEFDF}.Debug|Any CPU.Build.0 = Debug|Any CPU
		{FB3EB71B-04A0-4903-B558-9C92BF8AEFDF}.Debug|x64.ActiveCfg = Debug|Any CPU
		{FB3EB71B-04A0-4903-B558-9C92BF8AEFDF}.Debug|x64.Build.0 = Debug|Any CPU
		{FB3EB71B-04A0-4903-B558-9C92BF8AEFDF}.Debug|x86.ActiveCfg = Debug|Any CPU
		{FB3EB71B-04A0-4903-B558-9C92BF8AEFDF}.Debug|x86.Build.0 = Debug|Any CPU
		{FB3EB71B-04A0-4903-B558-9C92BF8AEFDF}.Release|Any CPU.ActiveCfg = Release|Any CPU
		{FB3EB71B-04A0-4903-B558-9C92BF8AEFDF}.Release|Any CPU.Build.0 = Release|Any CPU
		{FB3EB71B-04A0-4903-B558-9C92BF8AEFDF}.Release|x64.ActiveCfg = Release|Any CPU
		{FB3EB71B-04A0-4903-B558-9C92BF8AEFDF}.Release|x64.Build.0 = Release|Any CPU
		{FB3EB71B-04A0-4903-B558-9C92BF8AEFDF}.Release|x86.ActiveCfg = Release|Any CPU
		{FB3EB71B-04A0-4903-B558-9C92BF8AEFDF}.Release|x86.Build.0 = Release|Any CPU
		{ED306F07-8C90-46B7-88CC-0055D66D4D75}.Debug|Any CPU.ActiveCfg = Debug|Any CPU
		{ED306F07-8C90-46B7-88CC-0055D66D4D75}.Debug|Any CPU.Build.0 = Debug|Any CPU
		{ED306F07-8C90-46B7-88CC-0055D66D4D75}.Debug|x64.ActiveCfg = Debug|Any CPU
		{ED306F07-8C90-46B7-88CC-0055D66D4D75}.Debug|x64.Build.0 = Debug|Any CPU
		{ED306F07-8C90-46B7-88CC-0055D66D4D75}.Debug|x86.ActiveCfg = Debug|Any CPU
		{ED306F07-8C90-46B7-88CC-0055D66D4D75}.Debug|x86.Build.0 = Debug|Any CPU
		{ED306F07-8C90-46B7-88CC-0055D66D4D75}.Release|Any CPU.ActiveCfg = Release|Any CPU
		{ED306F07-8C90-46B7-88CC-0055D66D4D75}.Release|Any CPU.Build.0 = Release|Any CPU
		{ED306F07-8C90-46B7-88CC-0055D66D4D75}.Release|x64.ActiveCfg = Release|Any CPU
		{ED306F07-8C90-46B7-88CC-0055D66D4D75}.Release|x64.Build.0 = Release|Any CPU
		{ED306F07-8C90-46B7-88CC-0055D66D4D75}.Release|x86.ActiveCfg = Release|Any CPU
		{ED306F07-8C90-46B7-88CC-0055D66D4D75}.Release|x86.Build.0 = Release|Any CPU
		{BC85B6C3-35F1-443D-A0E9-029F7D08990E}.Debug|Any CPU.ActiveCfg = Debug|Any CPU
		{BC85B6C3-35F1-443D-A0E9-029F7D08990E}.Debug|Any CPU.Build.0 = Debug|Any CPU
		{BC85B6C3-35F1-443D-A0E9-029F7D08990E}.Debug|x64.ActiveCfg = Debug|Any CPU
		{BC85B6C3-35F1-443D-A0E9-029F7D08990E}.Debug|x64.Build.0 = Debug|Any CPU
		{BC85B6C3-35F1-443D-A0E9-029F7D08990E}.Debug|x86.ActiveCfg = Debug|Any CPU
		{BC85B6C3-35F1-443D-A0E9-029F7D08990E}.Debug|x86.Build.0 = Debug|Any CPU
		{BC85B6C3-35F1-443D-A0E9-029F7D08990E}.Release|Any CPU.ActiveCfg = Release|Any CPU
		{BC85B6C3-35F1-443D-A0E9-029F7D08990E}.Release|Any CPU.Build.0 = Release|Any CPU
		{BC85B6C3-35F1-443D-A0E9-029F7D08990E}.Release|x64.ActiveCfg = Release|Any CPU
		{BC85B6C3-35F1-443D-A0E9-029F7D08990E}.Release|x64.Build.0 = Release|Any CPU
		{BC85B6C3-35F1-443D-A0E9-029F7D08990E}.Release|x86.ActiveCfg = Release|Any CPU
		{BC85B6C3-35F1-443D-A0E9-029F7D08990E}.Release|x86.Build.0 = Release|Any CPU
		{73E0D23C-E404-E3CB-5E23-57318DB9664C}.Debug|Any CPU.ActiveCfg = Debug|Any CPU
		{73E0D23C-E404-E3CB-5E23-57318DB9664C}.Debug|Any CPU.Build.0 = Debug|Any CPU
		{73E0D23C-E404-E3CB-5E23-57318DB9664C}.Debug|x64.ActiveCfg = Debug|Any CPU
		{73E0D23C-E404-E3CB-5E23-57318DB9664C}.Debug|x64.Build.0 = Debug|Any CPU
		{73E0D23C-E404-E3CB-5E23-57318DB9664C}.Debug|x86.ActiveCfg = Debug|Any CPU
		{73E0D23C-E404-E3CB-5E23-57318DB9664C}.Debug|x86.Build.0 = Debug|Any CPU
		{73E0D23C-E404-E3CB-5E23-57318DB9664C}.Release|Any CPU.ActiveCfg = Release|Any CPU
		{73E0D23C-E404-E3CB-5E23-57318DB9664C}.Release|Any CPU.Build.0 = Release|Any CPU
		{73E0D23C-E404-E3CB-5E23-57318DB9664C}.Release|x64.ActiveCfg = Release|Any CPU
		{73E0D23C-E404-E3CB-5E23-57318DB9664C}.Release|x64.Build.0 = Release|Any CPU
		{73E0D23C-E404-E3CB-5E23-57318DB9664C}.Release|x86.ActiveCfg = Release|Any CPU
		{73E0D23C-E404-E3CB-5E23-57318DB9664C}.Release|x86.Build.0 = Release|Any CPU
		{ECBF4965-A5C8-41F3-A3B9-6357C7A1D2DC}.Debug|Any CPU.ActiveCfg = Debug|Any CPU
		{ECBF4965-A5C8-41F3-A3B9-6357C7A1D2DC}.Debug|Any CPU.Build.0 = Debug|Any CPU
		{ECBF4965-A5C8-41F3-A3B9-6357C7A1D2DC}.Debug|x64.ActiveCfg = Debug|Any CPU
		{ECBF4965-A5C8-41F3-A3B9-6357C7A1D2DC}.Debug|x64.Build.0 = Debug|Any CPU
		{ECBF4965-A5C8-41F3-A3B9-6357C7A1D2DC}.Debug|x86.ActiveCfg = Debug|Any CPU
		{ECBF4965-A5C8-41F3-A3B9-6357C7A1D2DC}.Debug|x86.Build.0 = Debug|Any CPU
		{ECBF4965-A5C8-41F3-A3B9-6357C7A1D2DC}.Release|Any CPU.ActiveCfg = Release|Any CPU
		{ECBF4965-A5C8-41F3-A3B9-6357C7A1D2DC}.Release|Any CPU.Build.0 = Release|Any CPU
		{ECBF4965-A5C8-41F3-A3B9-6357C7A1D2DC}.Release|x64.ActiveCfg = Release|Any CPU
		{ECBF4965-A5C8-41F3-A3B9-6357C7A1D2DC}.Release|x64.Build.0 = Release|Any CPU
		{ECBF4965-A5C8-41F3-A3B9-6357C7A1D2DC}.Release|x86.ActiveCfg = Release|Any CPU
		{ECBF4965-A5C8-41F3-A3B9-6357C7A1D2DC}.Release|x86.Build.0 = Release|Any CPU
		{9B76D945-09DB-46C1-A202-5D5FDBA13C52}.Debug|Any CPU.ActiveCfg = Debug|Any CPU
		{9B76D945-09DB-46C1-A202-5D5FDBA13C52}.Debug|Any CPU.Build.0 = Debug|Any CPU
		{9B76D945-09DB-46C1-A202-5D5FDBA13C52}.Debug|x64.ActiveCfg = Debug|Any CPU
		{9B76D945-09DB-46C1-A202-5D5FDBA13C52}.Debug|x64.Build.0 = Debug|Any CPU
		{9B76D945-09DB-46C1-A202-5D5FDBA13C52}.Debug|x86.ActiveCfg = Debug|Any CPU
		{9B76D945-09DB-46C1-A202-5D5FDBA13C52}.Debug|x86.Build.0 = Debug|Any CPU
		{9B76D945-09DB-46C1-A202-5D5FDBA13C52}.Release|Any CPU.ActiveCfg = Release|Any CPU
		{9B76D945-09DB-46C1-A202-5D5FDBA13C52}.Release|Any CPU.Build.0 = Release|Any CPU
		{9B76D945-09DB-46C1-A202-5D5FDBA13C52}.Release|x64.ActiveCfg = Release|Any CPU
		{9B76D945-09DB-46C1-A202-5D5FDBA13C52}.Release|x64.Build.0 = Release|Any CPU
		{9B76D945-09DB-46C1-A202-5D5FDBA13C52}.Release|x86.ActiveCfg = Release|Any CPU
		{9B76D945-09DB-46C1-A202-5D5FDBA13C52}.Release|x86.Build.0 = Release|Any CPU
		{2C59288C-2B60-49DF-A6D5-54F2AC3599D4}.Debug|Any CPU.ActiveCfg = Debug|Any CPU
		{2C59288C-2B60-49DF-A6D5-54F2AC3599D4}.Debug|Any CPU.Build.0 = Debug|Any CPU
		{2C59288C-2B60-49DF-A6D5-54F2AC3599D4}.Debug|x64.ActiveCfg = Debug|Any CPU
		{2C59288C-2B60-49DF-A6D5-54F2AC3599D4}.Debug|x64.Build.0 = Debug|Any CPU
		{2C59288C-2B60-49DF-A6D5-54F2AC3599D4}.Debug|x86.ActiveCfg = Debug|Any CPU
		{2C59288C-2B60-49DF-A6D5-54F2AC3599D4}.Debug|x86.Build.0 = Debug|Any CPU
		{2C59288C-2B60-49DF-A6D5-54F2AC3599D4}.Release|Any CPU.ActiveCfg = Release|Any CPU
		{2C59288C-2B60-49DF-A6D5-54F2AC3599D4}.Release|Any CPU.Build.0 = Release|Any CPU
		{2C59288C-2B60-49DF-A6D5-54F2AC3599D4}.Release|x64.ActiveCfg = Release|Any CPU
		{2C59288C-2B60-49DF-A6D5-54F2AC3599D4}.Release|x64.Build.0 = Release|Any CPU
		{2C59288C-2B60-49DF-A6D5-54F2AC3599D4}.Release|x86.ActiveCfg = Release|Any CPU
		{2C59288C-2B60-49DF-A6D5-54F2AC3599D4}.Release|x86.Build.0 = Release|Any CPU
		{EB7B5DBF-FB87-46F8-BDE0-EE0EEDC13F11}.Debug|Any CPU.ActiveCfg = Debug|Any CPU
		{EB7B5DBF-FB87-46F8-BDE0-EE0EEDC13F11}.Debug|Any CPU.Build.0 = Debug|Any CPU
		{EB7B5DBF-FB87-46F8-BDE0-EE0EEDC13F11}.Debug|x64.ActiveCfg = Debug|Any CPU
		{EB7B5DBF-FB87-46F8-BDE0-EE0EEDC13F11}.Debug|x64.Build.0 = Debug|Any CPU
		{EB7B5DBF-FB87-46F8-BDE0-EE0EEDC13F11}.Debug|x86.ActiveCfg = Debug|Any CPU
		{EB7B5DBF-FB87-46F8-BDE0-EE0EEDC13F11}.Debug|x86.Build.0 = Debug|Any CPU
		{EB7B5DBF-FB87-46F8-BDE0-EE0EEDC13F11}.Release|Any CPU.ActiveCfg = Release|Any CPU
		{EB7B5DBF-FB87-46F8-BDE0-EE0EEDC13F11}.Release|Any CPU.Build.0 = Release|Any CPU
		{EB7B5DBF-FB87-46F8-BDE0-EE0EEDC13F11}.Release|x64.ActiveCfg = Release|Any CPU
		{EB7B5DBF-FB87-46F8-BDE0-EE0EEDC13F11}.Release|x64.Build.0 = Release|Any CPU
		{EB7B5DBF-FB87-46F8-BDE0-EE0EEDC13F11}.Release|x86.ActiveCfg = Release|Any CPU
		{EB7B5DBF-FB87-46F8-BDE0-EE0EEDC13F11}.Release|x86.Build.0 = Release|Any CPU
		{C0D1C0D4-45E8-44F4-8C74-112BCF445CEB}.Debug|Any CPU.ActiveCfg = Debug|Any CPU
		{C0D1C0D4-45E8-44F4-8C74-112BCF445CEB}.Debug|Any CPU.Build.0 = Debug|Any CPU
		{C0D1C0D4-45E8-44F4-8C74-112BCF445CEB}.Debug|x64.ActiveCfg = Debug|Any CPU
		{C0D1C0D4-45E8-44F4-8C74-112BCF445CEB}.Debug|x64.Build.0 = Debug|Any CPU
		{C0D1C0D4-45E8-44F4-8C74-112BCF445CEB}.Debug|x86.ActiveCfg = Debug|Any CPU
		{C0D1C0D4-45E8-44F4-8C74-112BCF445CEB}.Debug|x86.Build.0 = Debug|Any CPU
		{C0D1C0D4-45E8-44F4-8C74-112BCF445CEB}.Release|Any CPU.ActiveCfg = Release|Any CPU
		{C0D1C0D4-45E8-44F4-8C74-112BCF445CEB}.Release|Any CPU.Build.0 = Release|Any CPU
		{C0D1C0D4-45E8-44F4-8C74-112BCF445CEB}.Release|x64.ActiveCfg = Release|Any CPU
		{C0D1C0D4-45E8-44F4-8C74-112BCF445CEB}.Release|x64.Build.0 = Release|Any CPU
		{C0D1C0D4-45E8-44F4-8C74-112BCF445CEB}.Release|x86.ActiveCfg = Release|Any CPU
		{C0D1C0D4-45E8-44F4-8C74-112BCF445CEB}.Release|x86.Build.0 = Release|Any CPU
	EndGlobalSection
	GlobalSection(SolutionProperties) = preSolution
		HideSolutionNode = FALSE
	EndGlobalSection
	GlobalSection(NestedProjects) = preSolution
		{C16C91B4-5131-599F-8E00-D3F009FD162D} = {7D1CA36C-9CF9-4BC7-9847-2A524E54E2D6}
		{DD8262AA-7D3C-4D40-B9B4-8FF6E0BEA8B5} = {16906A4B-5B2C-4604-9581-8929F767839B}
		{21653986-D09B-4661-8AB5-F261EED589FD} = {ACF9D9CE-F866-4B33-96A9-6275FBEFFCC4}
		{EF56A757-F271-413D-B1B3-C9DE861FF839} = {7D1CA36C-9CF9-4BC7-9847-2A524E54E2D6}
		{4A8FA32D-00B5-471F-A48B-C7757BF1A931} = {23A9B470-FC92-434A-9E71-B953A4CB0E7E}
		{7A64BB8A-EC95-4E0A-8665-7B4D18B097E4} = {23A9B470-FC92-434A-9E71-B953A4CB0E7E}
		{FB3EB71B-04A0-4903-B558-9C92BF8AEFDF} = {23A9B470-FC92-434A-9E71-B953A4CB0E7E}
		{ED306F07-8C90-46B7-88CC-0055D66D4D75} = {23A9B470-FC92-434A-9E71-B953A4CB0E7E}
		{BC85B6C3-35F1-443D-A0E9-029F7D08990E} = {23A9B470-FC92-434A-9E71-B953A4CB0E7E}
		{A7520657-AD24-4D2B-9527-A2824E82EC2F} = {23A9B470-FC92-434A-9E71-B953A4CB0E7E}
		{73E0D23C-E404-E3CB-5E23-57318DB9664C} = {7D1CA36C-9CF9-4BC7-9847-2A524E54E2D6}
		{ECBF4965-A5C8-41F3-A3B9-6357C7A1D2DC} = {B554F44C-BC1A-140C-1D5D-67ADEC712783}
		{9B76D945-09DB-46C1-A202-5D5FDBA13C52} = {B554F44C-BC1A-140C-1D5D-67ADEC712783}
		{2C59288C-2B60-49DF-A6D5-54F2AC3599D4} = {B554F44C-BC1A-140C-1D5D-67ADEC712783}
		{EB7B5DBF-FB87-46F8-BDE0-EE0EEDC13F11} = {B554F44C-BC1A-140C-1D5D-67ADEC712783}
		{C0D1C0D4-45E8-44F4-8C74-112BCF445CEB} = {B554F44C-BC1A-140C-1D5D-67ADEC712783}
		{E6F52D85-22D6-4BC8-A5F6-B83FD45E6DD2} = {B554F44C-BC1A-140C-1D5D-67ADEC712783}
	EndGlobalSection
	GlobalSection(ExtensibilityGlobals) = postSolution
		SolutionGuid = {A363CF22-154B-4428-A8C7-7974D9A4B77F}
	EndGlobalSection
	GlobalSection(SharedMSBuildProjectFiles) = preSolution
		Snet.Yolo.Tasks.Shared\Snet.Yolo.Tasks.Shared.projitems*{2c59288c-2b60-49df-a6d5-54f2ac3599d4}*SharedItemsImports = 5
		Snet.Yolo.Api.Shared\Snet.Yolo.Api.Shared.projitems*{4a8fa32d-00b5-471f-a48b-c7757bf1a931}*SharedItemsImports = 5
		Snet.Yolo.Api.Shared\Snet.Yolo.Api.Shared.projitems*{7a64bb8a-ec95-4e0a-8665-7b4d18b097e4}*SharedItemsImports = 5
		Snet.Yolo.Tasks.Shared\Snet.Yolo.Tasks.Shared.projitems*{9b76d945-09db-46c1-a202-5d5fdba13c52}*SharedItemsImports = 5
		Snet.Yolo.Api.Shared\Snet.Yolo.Api.Shared.projitems*{a7520657-ad24-4d2b-9527-a2824e82ec2f}*SharedItemsImports = 13
		Snet.Yolo.Api.Shared\Snet.Yolo.Api.Shared.projitems*{bc85b6c3-35f1-443d-a0e9-029f7d08990e}*SharedItemsImports = 5
		Snet.Yolo.Tasks.Shared\Snet.Yolo.Tasks.Shared.projitems*{c0d1c0d4-45e8-44f4-8c74-112bcf445ceb}*SharedItemsImports = 5
		Snet.Yolo.Tasks.Shared\Snet.Yolo.Tasks.Shared.projitems*{e6f52d85-22d6-4bc8-a5f6-b83fd45e6dd2}*SharedItemsImports = 13
		Snet.Yolo.Tasks.Shared\Snet.Yolo.Tasks.Shared.projitems*{eb7b5dbf-fb87-46f8-bde0-ee0eedc13f11}*SharedItemsImports = 5
		Snet.Yolo.Tasks.Shared\Snet.Yolo.Tasks.Shared.projitems*{ecbf4965-a5c8-41f3-a3b9-6357c7a1d2dc}*SharedItemsImports = 5
		Snet.Yolo.Api.Shared\Snet.Yolo.Api.Shared.projitems*{ed306f07-8c90-46b7-88cc-0055d66d4d75}*SharedItemsImports = 5
		Snet.Yolo.Api.Shared\Snet.Yolo.Api.Shared.projitems*{fb3eb71b-04a0-4903-b558-9c92bf8aefdf}*SharedItemsImports = 5
	EndGlobalSection
EndGlobal
